
Microsoft Visual Studio Solution File, Format Version 12.00
# Visual Studio Version 17
VisualStudioVersion = 17.3.32922.545
MinimumVisualStudioVersion = 10.0.40219.1
Project("{9A19103F-16F7-4668-BE54-9A1E7A4F7556}") = "FHotel.API", "FHotel.API\FHotel.API.csproj", "{65554207-5DF2-4A45-A11F-ECEE8ECC282A}"
EndProject
Project("{9A19103F-16F7-4668-BE54-9A1E7A4F7556}") = "FHotel.Repository", "FHotel.Repository\FHotel.Repository.csproj", "{B3FDAD41-89AE-457E-A4CC-685A79DC5271}"
EndProject
Project("{FAE04EC0-301F-11D3-BF4B-00C04F79EFBC}") = "FHotel.Service", "FHotel.Service\FHotel.Service.csproj", "{34F65AE5-095C-4CB8-B34F-C2178911F547}"
EndProject
Global
	GlobalSection(SolutionConfigurationPlatforms) = preSolution
		Debug|Any CPU = Debug|Any CPU
		Release|Any CPU = Release|Any CPU
	EndGlobalSection
	GlobalSection(ProjectConfigurationPlatforms) = postSolution
		{65554207-5DF2-4A45-A11F-ECEE8ECC282A}.Debug|Any CPU.ActiveCfg = Debug|Any CPU
		{65554207-5DF2-4A45-A11F-ECEE8ECC282A}.Debug|Any CPU.Build.0 = Debug|Any CPU
		{65554207-5DF2-4A45-A11F-ECEE8ECC282A}.Release|Any CPU.ActiveCfg = Release|Any CPU
		{65554207-5DF2-4A45-A11F-ECEE8ECC282A}.Release|Any CPU.Build.0 = Release|Any CPU
		{B3FDAD41-89AE-457E-A4CC-685A79DC5271}.Debug|Any CPU.ActiveCfg = Debug|Any CPU
		{B3FDAD41-89AE-457E-A4CC-685A79DC5271}.Debug|Any CPU.Build.0 = Debug|Any CPU
		{B3FDAD41-89AE-457E-A4CC-685A79DC5271}.Release|Any CPU.ActiveCfg = Release|Any CPU
		{B3FDAD41-89AE-457E-A4CC-685A79DC5271}.Release|Any CPU.Build.0 = Release|Any CPU
		{34F65AE5-095C-4CB8-B34F-C2178911F547}.Debug|Any CPU.ActiveCfg = Debug|Any CPU
		{34F65AE5-095C-4CB8-B34F-C2178911F547}.Debug|Any CPU.Build.0 = Debug|Any CPU
		{34F65AE5-095C-4CB8-B34F-C2178911F547}.Release|Any CPU.ActiveCfg = Release|Any CPU
		{34F65AE5-095C-4CB8-B34F-C2178911F547}.Release|Any CPU.Build.0 = Release|Any CPU
	EndGlobalSection
	GlobalSection(SolutionProperties) = preSolution
		HideSolutionNode = FALSE
	EndGlobalSection
	GlobalSection(ExtensibilityGlobals) = postSolution
		SolutionGuid = {024F3172-4C73-4E6C-91B1-6D632856EDF6}
	EndGlobalSection
EndGlobal
